
Microsoft Visual Studio Solution File, Format Version 12.00
# Visual Studio Version 17
VisualStudioVersion = 17.6.33723.286
MinimumVisualStudioVersion = 10.0.40219.1
Project("{FAE04EC0-301F-11D3-BF4B-00C04F79EFBC}") = "aspnet-core-jwt-authentication-authorization-tryout", "aspnet-core-jwt-authentication-authorization-tryout\aspnet-core-jwt-authentication-authorization-tryout.csproj", "{ADB7CAAA-8535-49BB-B5C6-0D2084F70298}"
EndProject
Global
	GlobalSection(SolutionConfigurationPlatforms) = preSolution
		Debug|Any CPU = Debug|Any CPU
		Release|Any CPU = Release|Any CPU
	EndGlobalSection
	GlobalSection(ProjectConfigurationPlatforms) = postSolution
		{ADB7CAAA-8535-49BB-B5C6-0D2084F70298}.Debug|Any CPU.ActiveCfg = Debug|Any CPU
		{ADB7CAAA-8535-49BB-B5C6-0D2084F70298}.Debug|Any CPU.Build.0 = Debug|Any CPU
		{ADB7CAAA-8535-49BB-B5C6-0D2084F70298}.Release|Any CPU.ActiveCfg = Release|Any CPU
		{ADB7CAAA-8535-49BB-B5C6-0D2084F70298}.Release|Any CPU.Build.0 = Release|Any CPU
	EndGlobalSection
	GlobalSection(SolutionProperties) = preSolution
		HideSolutionNode = FALSE
	EndGlobalSection
	GlobalSection(ExtensibilityGlobals) = postSolution
		SolutionGuid = {094D7EBB-36D5-4382-B48D-AF3BD8431FC8}
	EndGlobalSection
EndGlobal
